
Microsoft Visual Studio Solution File, Format Version 12.00
# Visual Studio Version 16
VisualStudioVersion = 16.0.30804.86
MinimumVisualStudioVersion = 10.0.40219.1
Project("{FAE04EC0-301F-11D3-BF4B-00C04F79EFBC}") = "RealState", "RealState\RealState.csproj", "{D86982A1-9F83-487E-A378-9A5057F99D44}"
EndProject
Global
	GlobalSection(SolutionConfigurationPlatforms) = preSolution
		Debug|Any CPU = Debug|Any CPU
		Release|Any CPU = Release|Any CPU
	EndGlobalSection
	GlobalSection(ProjectConfigurationPlatforms) = postSolution
		{D86982A1-9F83-487E-A378-9A5057F99D44}.Debug|Any CPU.ActiveCfg = Debug|Any CPU
		{D86982A1-9F83-487E-A378-9A5057F99D44}.Debug|Any CPU.Build.0 = Debug|Any CPU
		{D86982A1-9F83-487E-A378-9A5057F99D44}.Release|Any CPU.ActiveCfg = Release|Any CPU
		{D86982A1-9F83-487E-A378-9A5057F99D44}.Release|Any CPU.Build.0 = Release|Any CPU
	EndGlobalSection
	GlobalSection(SolutionProperties) = preSolution
		HideSolutionNode = FALSE
	EndGlobalSection
	GlobalSection(ExtensibilityGlobals) = postSolution
		SolutionGuid = {EC40F845-4360-47F8-ADFB-C44313F3C2CC}
	EndGlobalSection
EndGlobal
